
Microsoft Visual Studio Solution File, Format Version 12.00
# Visual Studio Version 17
VisualStudioVersion = 17.9.34728.123
MinimumVisualStudioVersion = 10.0.40219.1
Project("{FAE04EC0-301F-11D3-BF4B-00C04F79EFBC}") = "WEB PROGRAMLAMA PROJESİ", "WEB PROGRAMLAMA PROJESİ\WEB PROGRAMLAMA PROJESİ.csproj", "{52902F35-52A6-4871-AED8-AE1C3AFAB90C}"
EndProject
Global
	GlobalSection(SolutionConfigurationPlatforms) = preSolution
		Debug|Any CPU = Debug|Any CPU
		Release|Any CPU = Release|Any CPU
	EndGlobalSection
	GlobalSection(ProjectConfigurationPlatforms) = postSolution
		{52902F35-52A6-4871-AED8-AE1C3AFAB90C}.Debug|Any CPU.ActiveCfg = Debug|Any CPU
		{52902F35-52A6-4871-AED8-AE1C3AFAB90C}.Debug|Any CPU.Build.0 = Debug|Any CPU
		{52902F35-52A6-4871-AED8-AE1C3AFAB90C}.Release|Any CPU.ActiveCfg = Release|Any CPU
		{52902F35-52A6-4871-AED8-AE1C3AFAB90C}.Release|Any CPU.Build.0 = Release|Any CPU
	EndGlobalSection
	GlobalSection(SolutionProperties) = preSolution
		HideSolutionNode = FALSE
	EndGlobalSection
	GlobalSection(ExtensibilityGlobals) = postSolution
		SolutionGuid = {79FC2563-C869-4B6D-91C8-801AA4CA715D}
	EndGlobalSection
EndGlobal
